
Microsoft Visual Studio Solution File, Format Version 12.00
# Visual Studio 15
VisualStudioVersion = 15.0.27703.2035
MinimumVisualStudioVersion = 10.0.40219.1
Project("{FAE04EC0-301F-11D3-BF4B-00C04F79EFBC}") = "Umbra", "Umbra\Umbra.csproj", "{FCC96B02-B0AA-4144-8505-F9C255D39D09}"
EndProject
Global
	GlobalSection(SolutionConfigurationPlatforms) = preSolution
		Debug|Any CPU = Debug|Any CPU
		Release|Any CPU = Release|Any CPU
	EndGlobalSection
	GlobalSection(ProjectConfigurationPlatforms) = postSolution
		{FCC96B02-B0AA-4144-8505-F9C255D39D09}.Debug|Any CPU.ActiveCfg = Debug|Any CPU
		{FCC96B02-B0AA-4144-8505-F9C255D39D09}.Debug|Any CPU.Build.0 = Debug|Any CPU
		{FCC96B02-B0AA-4144-8505-F9C255D39D09}.Release|Any CPU.ActiveCfg = Release|Any CPU
		{FCC96B02-B0AA-4144-8505-F9C255D39D09}.Release|Any CPU.Build.0 = Release|Any CPU
	EndGlobalSection
	GlobalSection(SolutionProperties) = preSolution
		HideSolutionNode = FALSE
	EndGlobalSection
	GlobalSection(ExtensibilityGlobals) = postSolution
		SolutionGuid = {64E95AFB-DBD8-4498-8DCB-38177460183B}
	EndGlobalSection
EndGlobal
